
Microsoft Visual Studio Solution File, Format Version 12.00
# Visual Studio Version 17
VisualStudioVersion = 17.8.34330.188
MinimumVisualStudioVersion = 10.0.40219.1
Project("{FAE04EC0-301F-11D3-BF4B-00C04F79EFBC}") = "AppRpgEtec", "AppRpgEtec\AppRpgEtec.csproj", "{7F73169A-2C1C-4BC8-AF01-265FD898D67E}"
EndProject
Global
	GlobalSection(SolutionConfigurationPlatforms) = preSolution
		Debug|Any CPU = Debug|Any CPU
		Release|Any CPU = Release|Any CPU
	EndGlobalSection
	GlobalSection(ProjectConfigurationPlatforms) = postSolution
		{7F73169A-2C1C-4BC8-AF01-265FD898D67E}.Debug|Any CPU.ActiveCfg = Debug|Any CPU
		{7F73169A-2C1C-4BC8-AF01-265FD898D67E}.Debug|Any CPU.Build.0 = Debug|Any CPU
		{7F73169A-2C1C-4BC8-AF01-265FD898D67E}.Debug|Any CPU.Deploy.0 = Debug|Any CPU
		{7F73169A-2C1C-4BC8-AF01-265FD898D67E}.Release|Any CPU.ActiveCfg = Release|Any CPU
		{7F73169A-2C1C-4BC8-AF01-265FD898D67E}.Release|Any CPU.Build.0 = Release|Any CPU
		{7F73169A-2C1C-4BC8-AF01-265FD898D67E}.Release|Any CPU.Deploy.0 = Release|Any CPU
	EndGlobalSection
	GlobalSection(SolutionProperties) = preSolution
		HideSolutionNode = FALSE
	EndGlobalSection
	GlobalSection(ExtensibilityGlobals) = postSolution
		SolutionGuid = {948E582A-951A-406E-B506-D51D7861F57D}
	EndGlobalSection
EndGlobal
